// !$*UTF8*$!
{
	archiveVersion = 1;
	classes = {
	};
	objectVersion = 55;
	objects = {

/* Begin PBXBuildFile section */
		218133CE0BAB129F8591D057 /* Pods_NoteApp.framework in Frameworks */ = {isa = PBXBuildFile; fileRef = 82CAA844755A9849F41104EC /* Pods_NoteApp.framework */; };
		3679F037293B2699009A3BAD /* Crypto.swift in Sources */ = {isa = PBXBuildFile; fileRef = 3679F036293B2699009A3BAD /* Crypto.swift */; };
		367E7F472937AC7D009960F0 /* SettingNoteViewController.swift in Sources */ = {isa = PBXBuildFile; fileRef = 367E7F452937AC7D009960F0 /* SettingNoteViewController.swift */; };
		367E7F482937AC7D009960F0 /* SettingNoteViewController.xib in Resources */ = {isa = PBXBuildFile; fileRef = 367E7F462937AC7D009960F0 /* SettingNoteViewController.xib */; };
		D80FA51529239BB000D0B9ED /* HomeModel.swift in Sources */ = {isa = PBXBuildFile; fileRef = D80FA51429239BB000D0B9ED /* HomeModel.swift */; };
		D80FA5192924902B00D0B9ED /* TitleTableViewCell.swift in Sources */ = {isa = PBXBuildFile; fileRef = D80FA5172924902B00D0B9ED /* TitleTableViewCell.swift */; };
		D80FA51A2924902B00D0B9ED /* TitleTableViewCell.xib in Resources */ = {isa = PBXBuildFile; fileRef = D80FA5182924902B00D0B9ED /* TitleTableViewCell.xib */; };
		D80FA521292490F600D0B9ED /* FolderTableViewCell.swift in Sources */ = {isa = PBXBuildFile; fileRef = D80FA51F292490F600D0B9ED /* FolderTableViewCell.swift */; };
		D80FA522292490F600D0B9ED /* FolderTableViewCell.xib in Resources */ = {isa = PBXBuildFile; fileRef = D80FA520292490F600D0B9ED /* FolderTableViewCell.xib */; };
		D80FA5252924910500D0B9ED /* SearchTableViewCell.swift in Sources */ = {isa = PBXBuildFile; fileRef = D80FA5232924910500D0B9ED /* SearchTableViewCell.swift */; };
		D80FA5262924910500D0B9ED /* SearchTableViewCell.xib in Resources */ = {isa = PBXBuildFile; fileRef = D80FA5242924910500D0B9ED /* SearchTableViewCell.xib */; };
		D80FA5302924D10400D0B9ED /* UITableView+.swift in Sources */ = {isa = PBXBuildFile; fileRef = D80FA5292924D10400D0B9ED /* UITableView+.swift */; };
		D80FA5312924D10400D0B9ED /* UIViewController+.swift in Sources */ = {isa = PBXBuildFile; fileRef = D80FA52A2924D10400D0B9ED /* UIViewController+.swift */; };
		D80FA5322924D10400D0B9ED /* Other+.swift in Sources */ = {isa = PBXBuildFile; fileRef = D80FA52B2924D10400D0B9ED /* Other+.swift */; };
		D80FA5332924D10400D0B9ED /* String+.swift in Sources */ = {isa = PBXBuildFile; fileRef = D80FA52C2924D10400D0B9ED /* String+.swift */; };
		D80FA5342924D10400D0B9ED /* UIView+.swift in Sources */ = {isa = PBXBuildFile; fileRef = D80FA52D2924D10400D0B9ED /* UIView+.swift */; };
		D80FA5352924D10400D0B9ED /* UITextField+.swift in Sources */ = {isa = PBXBuildFile; fileRef = D80FA52E2924D10400D0B9ED /* UITextField+.swift */; };
		D80FA5362924D10400D0B9ED /* Date+.swift in Sources */ = {isa = PBXBuildFile; fileRef = D80FA52F2924D10400D0B9ED /* Date+.swift */; };
		D8B2CB5D29306D500008F5C4 /* Session.swift in Sources */ = {isa = PBXBuildFile; fileRef = D8B2CB5C29306D500008F5C4 /* Session.swift */; };
		D8B2CB612930A8970008F5C4 /* LockNoteViewController.swift in Sources */ = {isa = PBXBuildFile; fileRef = D8B2CB5F2930A8970008F5C4 /* LockNoteViewController.swift */; };
		D8B2CB622930A8970008F5C4 /* LockNoteViewController.xib in Resources */ = {isa = PBXBuildFile; fileRef = D8B2CB602930A8970008F5C4 /* LockNoteViewController.xib */; };
		D8C336B92921E8460008527A /* AppDelegate.swift in Sources */ = {isa = PBXBuildFile; fileRef = D8C336B82921E8460008527A /* AppDelegate.swift */; };
		D8C336C02921E8460008527A /* Main.storyboard in Resources */ = {isa = PBXBuildFile; fileRef = D8C336BE2921E8460008527A /* Main.storyboard */; };
		D8C336C32921E8460008527A /* NoteApp.xcdatamodeld in Sources */ = {isa = PBXBuildFile; fileRef = D8C336C12921E8460008527A /* NoteApp.xcdatamodeld */; };
		D8C336C52921E8470008527A /* Assets.xcassets in Resources */ = {isa = PBXBuildFile; fileRef = D8C336C42921E8470008527A /* Assets.xcassets */; };
		D8C336C82921E8470008527A /* LaunchScreen.storyboard in Resources */ = {isa = PBXBuildFile; fileRef = D8C336C62921E8470008527A /* LaunchScreen.storyboard */; };
		D8C336DA2921FE7D0008527A /* HomeController.swift in Sources */ = {isa = PBXBuildFile; fileRef = D8C336D92921FE7D0008527A /* HomeController.swift */; };
		D8C336DC2921FFE70008527A /* Color.xcassets in Resources */ = {isa = PBXBuildFile; fileRef = D8C336DB2921FFE70008527A /* Color.xcassets */; };
		D8E464B42934679500275DF2 /* SearchViewController.swift in Sources */ = {isa = PBXBuildFile; fileRef = D8E464B22934679500275DF2 /* SearchViewController.swift */; };
		D8E464B52934679500275DF2 /* SearchViewController.xib in Resources */ = {isa = PBXBuildFile; fileRef = D8E464B32934679500275DF2 /* SearchViewController.xib */; };
		D8F6C6C2292B204F00EF1A5F /* ListNoteViewController.swift in Sources */ = {isa = PBXBuildFile; fileRef = D8F6C6C0292B204F00EF1A5F /* ListNoteViewController.swift */; };
		D8F6C6C3292B204F00EF1A5F /* ListNoteViewController.xib in Resources */ = {isa = PBXBuildFile; fileRef = D8F6C6C1292B204F00EF1A5F /* ListNoteViewController.xib */; };
		D8F6C6C7292B28EE00EF1A5F /* ListNoteModel.swift in Sources */ = {isa = PBXBuildFile; fileRef = D8F6C6C6292B28EE00EF1A5F /* ListNoteModel.swift */; };
		D8F6C6CA292B2FB300EF1A5F /* ItemTableViewCell.swift in Sources */ = {isa = PBXBuildFile; fileRef = D8F6C6C8292B2FB300EF1A5F /* ItemTableViewCell.swift */; };
		D8F6C6CB292B2FB300EF1A5F /* ItemTableViewCell.xib in Resources */ = {isa = PBXBuildFile; fileRef = D8F6C6C9292B2FB300EF1A5F /* ItemTableViewCell.xib */; };
		D8F6C6CF292B639500EF1A5F /* NoteContentViewController.swift in Sources */ = {isa = PBXBuildFile; fileRef = D8F6C6CD292B639500EF1A5F /* NoteContentViewController.swift */; };
		D8F6C6D0292B639500EF1A5F /* NoteContentViewController.xib in Resources */ = {isa = PBXBuildFile; fileRef = D8F6C6CE292B639500EF1A5F /* NoteContentViewController.xib */; };
		D8F6C6D5292C72D900EF1A5F /* MLTransition.m in Sources */ = {isa = PBXBuildFile; fileRef = D8F6C6D3292C72D900EF1A5F /* MLTransition.m */; };
/* End PBXBuildFile section */

/* Begin PBXFileReference section */
		052467612AB716AA8E99F55F /* Pods-NoteApp.release.xcconfig */ = {isa = PBXFileReference; includeInIndex = 1; lastKnownFileType = text.xcconfig; name = "Pods-NoteApp.release.xcconfig"; path = "Target Support Files/Pods-NoteApp/Pods-NoteApp.release.xcconfig"; sourceTree = "<group>"; };
		3679F036293B2699009A3BAD /* Crypto.swift */ = {isa = PBXFileReference; lastKnownFileType = sourcecode.swift; path = Crypto.swift; sourceTree = "<group>"; };
		367E7F452937AC7D009960F0 /* SettingNoteViewController.swift */ = {isa = PBXFileReference; lastKnownFileType = sourcecode.swift; path = SettingNoteViewController.swift; sourceTree = "<group>"; };
		367E7F462937AC7D009960F0 /* SettingNoteViewController.xib */ = {isa = PBXFileReference; lastKnownFileType = file.xib; path = SettingNoteViewController.xib; sourceTree = "<group>"; };
		82CAA844755A9849F41104EC /* Pods_NoteApp.framework */ = {isa = PBXFileReference; explicitFileType = wrapper.framework; includeInIndex = 0; path = Pods_NoteApp.framework; sourceTree = BUILT_PRODUCTS_DIR; };
		A2173153BA163A8E51520CA7 /* Pods-NoteApp.debug.xcconfig */ = {isa = PBXFileReference; includeInIndex = 1; lastKnownFileType = text.xcconfig; name = "Pods-NoteApp.debug.xcconfig"; path = "Target Support Files/Pods-NoteApp/Pods-NoteApp.debug.xcconfig"; sourceTree = "<group>"; };
		D80FA51429239BB000D0B9ED /* HomeModel.swift */ = {isa = PBXFileReference; lastKnownFileType = sourcecode.swift; path = HomeModel.swift; sourceTree = "<group>"; };
		D80FA5172924902B00D0B9ED /* TitleTableViewCell.swift */ = {isa = PBXFileReference; lastKnownFileType = sourcecode.swift; path = TitleTableViewCell.swift; sourceTree = "<group>"; };
		D80FA5182924902B00D0B9ED /* TitleTableViewCell.xib */ = {isa = PBXFileReference; lastKnownFileType = file.xib; path = TitleTableViewCell.xib; sourceTree = "<group>"; };
		D80FA51F292490F600D0B9ED /* FolderTableViewCell.swift */ = {isa = PBXFileReference; lastKnownFileType = sourcecode.swift; path = FolderTableViewCell.swift; sourceTree = "<group>"; };
		D80FA520292490F600D0B9ED /* FolderTableViewCell.xib */ = {isa = PBXFileReference; lastKnownFileType = file.xib; path = FolderTableViewCell.xib; sourceTree = "<group>"; };
		D80FA5232924910500D0B9ED /* SearchTableViewCell.swift */ = {isa = PBXFileReference; lastKnownFileType = sourcecode.swift; path = SearchTableViewCell.swift; sourceTree = "<group>"; };
		D80FA5242924910500D0B9ED /* SearchTableViewCell.xib */ = {isa = PBXFileReference; lastKnownFileType = file.xib; path = SearchTableViewCell.xib; sourceTree = "<group>"; };
		D80FA5292924D10400D0B9ED /* UITableView+.swift */ = {isa = PBXFileReference; fileEncoding = 4; lastKnownFileType = sourcecode.swift; path = "UITableView+.swift"; sourceTree = "<group>"; };
		D80FA52A2924D10400D0B9ED /* UIViewController+.swift */ = {isa = PBXFileReference; fileEncoding = 4; lastKnownFileType = sourcecode.swift; path = "UIViewController+.swift"; sourceTree = "<group>"; };
		D80FA52B2924D10400D0B9ED /* Other+.swift */ = {isa = PBXFileReference; fileEncoding = 4; lastKnownFileType = sourcecode.swift; path = "Other+.swift"; sourceTree = "<group>"; };
		D80FA52C2924D10400D0B9ED /* String+.swift */ = {isa = PBXFileReference; fileEncoding = 4; lastKnownFileType = sourcecode.swift; path = "String+.swift"; sourceTree = "<group>"; };
		D80FA52D2924D10400D0B9ED /* UIView+.swift */ = {isa = PBXFileReference; fileEncoding = 4; lastKnownFileType = sourcecode.swift; path = "UIView+.swift"; sourceTree = "<group>"; };
		D80FA52E2924D10400D0B9ED /* UITextField+.swift */ = {isa = PBXFileReference; fileEncoding = 4; lastKnownFileType = sourcecode.swift; path = "UITextField+.swift"; sourceTree = "<group>"; };
		D80FA52F2924D10400D0B9ED /* Date+.swift */ = {isa = PBXFileReference; fileEncoding = 4; lastKnownFileType = sourcecode.swift; path = "Date+.swift"; sourceTree = "<group>"; };
		D8B2CB5C29306D500008F5C4 /* Session.swift */ = {isa = PBXFileReference; lastKnownFileType = sourcecode.swift; path = Session.swift; sourceTree = "<group>"; };
		D8B2CB5F2930A8970008F5C4 /* LockNoteViewController.swift */ = {isa = PBXFileReference; lastKnownFileType = sourcecode.swift; path = LockNoteViewController.swift; sourceTree = "<group>"; };
		D8B2CB602930A8970008F5C4 /* LockNoteViewController.xib */ = {isa = PBXFileReference; lastKnownFileType = file.xib; path = LockNoteViewController.xib; sourceTree = "<group>"; };
		D8C336B52921E8460008527A /* NoteApp.app */ = {isa = PBXFileReference; explicitFileType = wrapper.application; includeInIndex = 0; path = NoteApp.app; sourceTree = BUILT_PRODUCTS_DIR; };
		D8C336B82921E8460008527A /* AppDelegate.swift */ = {isa = PBXFileReference; lastKnownFileType = sourcecode.swift; path = AppDelegate.swift; sourceTree = "<group>"; };
		D8C336BF2921E8460008527A /* Base */ = {isa = PBXFileReference; lastKnownFileType = file.storyboard; name = Base; path = Base.lproj/Main.storyboard; sourceTree = "<group>"; };
		D8C336C22921E8460008527A /* NoteApp.xcdatamodel */ = {isa = PBXFileReference; lastKnownFileType = wrapper.xcdatamodel; path = NoteApp.xcdatamodel; sourceTree = "<group>"; };
		D8C336C42921E8470008527A /* Assets.xcassets */ = {isa = PBXFileReference; lastKnownFileType = folder.assetcatalog; path = Assets.xcassets; sourceTree = "<group>"; };
		D8C336C72921E8470008527A /* Base */ = {isa = PBXFileReference; lastKnownFileType = file.storyboard; name = Base; path = Base.lproj/LaunchScreen.storyboard; sourceTree = "<group>"; };
		D8C336C92921E8470008527A /* Info.plist */ = {isa = PBXFileReference; lastKnownFileType = text.plist.xml; path = Info.plist; sourceTree = "<group>"; };
		D8C336D92921FE7D0008527A /* HomeController.swift */ = {isa = PBXFileReference; lastKnownFileType = sourcecode.swift; path = HomeController.swift; sourceTree = "<group>"; };
		D8C336DB2921FFE70008527A /* Color.xcassets */ = {isa = PBXFileReference; lastKnownFileType = folder.assetcatalog; path = Color.xcassets; sourceTree = "<group>"; };
		D8E464B22934679500275DF2 /* SearchViewController.swift */ = {isa = PBXFileReference; lastKnownFileType = sourcecode.swift; path = SearchViewController.swift; sourceTree = "<group>"; };
		D8E464B32934679500275DF2 /* SearchViewController.xib */ = {isa = PBXFileReference; lastKnownFileType = file.xib; path = SearchViewController.xib; sourceTree = "<group>"; };
		D8F6C6C0292B204F00EF1A5F /* ListNoteViewController.swift */ = {isa = PBXFileReference; lastKnownFileType = sourcecode.swift; path = ListNoteViewController.swift; sourceTree = "<group>"; };
		D8F6C6C1292B204F00EF1A5F /* ListNoteViewController.xib */ = {isa = PBXFileReference; lastKnownFileType = file.xib; path = ListNoteViewController.xib; sourceTree = "<group>"; };
		D8F6C6C6292B28EE00EF1A5F /* ListNoteModel.swift */ = {isa = PBXFileReference; lastKnownFileType = sourcecode.swift; path = ListNoteModel.swift; sourceTree = "<group>"; };
		D8F6C6C8292B2FB300EF1A5F /* ItemTableViewCell.swift */ = {isa = PBXFileReference; lastKnownFileType = sourcecode.swift; path = ItemTableViewCell.swift; sourceTree = "<group>"; };
		D8F6C6C9292B2FB300EF1A5F /* ItemTableViewCell.xib */ = {isa = PBXFileReference; lastKnownFileType = file.xib; path = ItemTableViewCell.xib; sourceTree = "<group>"; };
		D8F6C6CD292B639500EF1A5F /* NoteContentViewController.swift */ = {isa = PBXFileReference; lastKnownFileType = sourcecode.swift; path = NoteContentViewController.swift; sourceTree = "<group>"; };
		D8F6C6CE292B639500EF1A5F /* NoteContentViewController.xib */ = {isa = PBXFileReference; lastKnownFileType = file.xib; path = NoteContentViewController.xib; sourceTree = "<group>"; };
		D8F6C6D2292C72D900EF1A5F /* NoteApp-Bridging-Header.h */ = {isa = PBXFileReference; lastKnownFileType = sourcecode.c.h; path = "NoteApp-Bridging-Header.h"; sourceTree = "<group>"; };
		D8F6C6D3292C72D900EF1A5F /* MLTransition.m */ = {isa = PBXFileReference; fileEncoding = 4; lastKnownFileType = sourcecode.c.objc; path = MLTransition.m; sourceTree = "<group>"; };
		D8F6C6D4292C72D900EF1A5F /* MLTransition.h */ = {isa = PBXFileReference; fileEncoding = 4; lastKnownFileType = sourcecode.c.h; path = MLTransition.h; sourceTree = "<group>"; };
/* End PBXFileReference section */

/* Begin PBXFrameworksBuildPhase section */
		D8C336B22921E8460008527A /* Frameworks */ = {
			isa = PBXFrameworksBuildPhase;
			buildActionMask = 2147483647;
			files = (
				218133CE0BAB129F8591D057 /* Pods_NoteApp.framework in Frameworks */,
			);
			runOnlyForDeploymentPostprocessing = 0;
		};
/* End PBXFrameworksBuildPhase section */

/* Begin PBXGroup section */
		367E7F442937AC63009960F0 /* Setting */ = {
			isa = PBXGroup;
			children = (
				367E7F452937AC7D009960F0 /* SettingNoteViewController.swift */,
				367E7F462937AC7D009960F0 /* SettingNoteViewController.xib */,
			);
			path = Setting;
			sourceTree = "<group>";
		};
		53698B1396957D96F1C8F46F /* Pods */ = {
			isa = PBXGroup;
			children = (
				A2173153BA163A8E51520CA7 /* Pods-NoteApp.debug.xcconfig */,
				052467612AB716AA8E99F55F /* Pods-NoteApp.release.xcconfig */,
			);
			path = Pods;
			sourceTree = "<group>";
		};
		D80FA51329239BA800D0B9ED /* Model */ = {
			isa = PBXGroup;
			children = (
				D80FA51429239BB000D0B9ED /* HomeModel.swift */,
			);
			path = Model;
			sourceTree = "<group>";
		};
		D80FA51629248FBC00D0B9ED /* Cell */ = {
			isa = PBXGroup;
			children = (
				D80FA5172924902B00D0B9ED /* TitleTableViewCell.swift */,
				D80FA5182924902B00D0B9ED /* TitleTableViewCell.xib */,
				D80FA51F292490F600D0B9ED /* FolderTableViewCell.swift */,
				D80FA520292490F600D0B9ED /* FolderTableViewCell.xib */,
				D80FA5232924910500D0B9ED /* SearchTableViewCell.swift */,
				D80FA5242924910500D0B9ED /* SearchTableViewCell.xib */,
			);
			path = Cell;
			sourceTree = "<group>";
		};
		D80FA5282924D0EF00D0B9ED /* Extension */ = {
			isa = PBXGroup;
			children = (
				D80FA52F2924D10400D0B9ED /* Date+.swift */,
				D80FA52B2924D10400D0B9ED /* Other+.swift */,
				D80FA52C2924D10400D0B9ED /* String+.swift */,
				D80FA5292924D10400D0B9ED /* UITableView+.swift */,
				D80FA52E2924D10400D0B9ED /* UITextField+.swift */,
				D80FA52D2924D10400D0B9ED /* UIView+.swift */,
				D80FA52A2924D10400D0B9ED /* UIViewController+.swift */,
				3679F036293B2699009A3BAD /* Crypto.swift */,
			);
			path = Extension;
			sourceTree = "<group>";
		};
		D8B2CB5E2930A87F0008F5C4 /* LockNote */ = {
			isa = PBXGroup;
			children = (
				D8B2CB5F2930A8970008F5C4 /* LockNoteViewController.swift */,
				D8B2CB602930A8970008F5C4 /* LockNoteViewController.xib */,
			);
			path = LockNote;
			sourceTree = "<group>";
		};
		D8C336AC2921E8460008527A = {
			isa = PBXGroup;
			children = (
				D8C336B72921E8460008527A /* NoteApp */,
				D8C336B62921E8460008527A /* Products */,
				53698B1396957D96F1C8F46F /* Pods */,
				F4C65CCA9943866D7D3FD387 /* Frameworks */,
			);
			sourceTree = "<group>";
		};
		D8C336B62921E8460008527A /* Products */ = {
			isa = PBXGroup;
			children = (
				D8C336B52921E8460008527A /* NoteApp.app */,
			);
			name = Products;
			sourceTree = "<group>";
		};
		D8C336B72921E8460008527A /* NoteApp */ = {
			isa = PBXGroup;
			children = (
				D8C336CF2921ECB60008527A /* Application */,
				D80FA5282924D0EF00D0B9ED /* Extension */,
				D8F6C6D1292C72C700EF1A5F /* Lib */,
				D8C336D62921F3FF0008527A /* Model */,
				D8C336D22921ED4E0008527A /* Presentation */,
				D8C336D42921ED5C0008527A /* Resources */,
			);
			path = NoteApp;
			sourceTree = "<group>";
		};
		D8C336CF2921ECB60008527A /* Application */ = {
			isa = PBXGroup;
			children = (
				D8C336B82921E8460008527A /* AppDelegate.swift */,
			);
			path = Application;
			sourceTree = "<group>";
		};
		D8C336D22921ED4E0008527A /* Presentation */ = {
			isa = PBXGroup;
			children = (
				D8E464B12934678700275DF2 /* Search */,
				D8F6C6CC292B638200EF1A5F /* NoteContent */,
				D8F6C6BF292B1DCA00EF1A5F /* ListNote */,
				D8C336D82921FE630008527A /* Home */,
			);
			path = Presentation;
			sourceTree = "<group>";
		};
		D8C336D42921ED5C0008527A /* Resources */ = {
			isa = PBXGroup;
			children = (
				D8C336DB2921FFE70008527A /* Color.xcassets */,
				D8C336BE2921E8460008527A /* Main.storyboard */,
				D8C336C62921E8470008527A /* LaunchScreen.storyboard */,
				D8C336C92921E8470008527A /* Info.plist */,
				D8C336C42921E8470008527A /* Assets.xcassets */,
			);
			path = Resources;
			sourceTree = "<group>";
		};
		D8C336D62921F3FF0008527A /* Model */ = {
			isa = PBXGroup;
			children = (
				D8C336C12921E8460008527A /* NoteApp.xcdatamodeld */,
				D8B2CB5C29306D500008F5C4 /* Session.swift */,
			);
			path = Model;
			sourceTree = "<group>";
		};
		D8C336D82921FE630008527A /* Home */ = {
			isa = PBXGroup;
			children = (
				D80FA51629248FBC00D0B9ED /* Cell */,
				D80FA51329239BA800D0B9ED /* Model */,
				D8C336D92921FE7D0008527A /* HomeController.swift */,
			);
			path = Home;
			sourceTree = "<group>";
		};
		D8E464B12934678700275DF2 /* Search */ = {
			isa = PBXGroup;
			children = (
				D8E464B22934679500275DF2 /* SearchViewController.swift */,
				D8E464B32934679500275DF2 /* SearchViewController.xib */,
			);
			path = Search;
			sourceTree = "<group>";
		};
		D8F6C6BF292B1DCA00EF1A5F /* ListNote */ = {
			isa = PBXGroup;
			children = (
				D8F6C6C5292B28DC00EF1A5F /* Cell */,
				D8F6C6C4292B28D600EF1A5F /* Model */,
				D8F6C6C0292B204F00EF1A5F /* ListNoteViewController.swift */,
				D8F6C6C1292B204F00EF1A5F /* ListNoteViewController.xib */,
			);
			path = ListNote;
			sourceTree = "<group>";
		};
		D8F6C6C4292B28D600EF1A5F /* Model */ = {
			isa = PBXGroup;
			children = (
				D8F6C6C6292B28EE00EF1A5F /* ListNoteModel.swift */,
			);
			path = Model;
			sourceTree = "<group>";
		};
		D8F6C6C5292B28DC00EF1A5F /* Cell */ = {
			isa = PBXGroup;
			children = (
				D8F6C6C8292B2FB300EF1A5F /* ItemTableViewCell.swift */,
				D8F6C6C9292B2FB300EF1A5F /* ItemTableViewCell.xib */,
			);
			path = Cell;
			sourceTree = "<group>";
		};
		D8F6C6CC292B638200EF1A5F /* NoteContent */ = {
			isa = PBXGroup;
			children = (
				367E7F442937AC63009960F0 /* Setting */,
				D8B2CB5E2930A87F0008F5C4 /* LockNote */,
				D8F6C6CD292B639500EF1A5F /* NoteContentViewController.swift */,
				D8F6C6CE292B639500EF1A5F /* NoteContentViewController.xib */,
			);
			path = NoteContent;
			sourceTree = "<group>";
		};
		D8F6C6D1292C72C700EF1A5F /* Lib */ = {
			isa = PBXGroup;
			children = (
				D8F6C6D4292C72D900EF1A5F /* MLTransition.h */,
				D8F6C6D3292C72D900EF1A5F /* MLTransition.m */,
				D8F6C6D2292C72D900EF1A5F /* NoteApp-Bridging-Header.h */,
			);
			path = Lib;
			sourceTree = "<group>";
		};
		F4C65CCA9943866D7D3FD387 /* Frameworks */ = {
			isa = PBXGroup;
			children = (
				82CAA844755A9849F41104EC /* Pods_NoteApp.framework */,
			);
			name = Frameworks;
			sourceTree = "<group>";
		};
/* End PBXGroup section */

/* Begin PBXNativeTarget section */
		D8C336B42921E8460008527A /* NoteApp */ = {
			isa = PBXNativeTarget;
			buildConfigurationList = D8C336CC2921E8470008527A /* Build configuration list for PBXNativeTarget "NoteApp" */;
			buildPhases = (
				AC2A94D65A4FE3C545FF113E /* [CP] Check Pods Manifest.lock */,
				D8C336B12921E8460008527A /* Sources */,
				D8C336B22921E8460008527A /* Frameworks */,
				D8C336B32921E8460008527A /* Resources */,
				E00EAF4799BD0A9AC70D6818 /* [CP] Embed Pods Frameworks */,
			);
			buildRules = (
			);
			dependencies = (
			);
			name = NoteApp;
			productName = NoteApp;
			productReference = D8C336B52921E8460008527A /* NoteApp.app */;
			productType = "com.apple.product-type.application";
		};
/* End PBXNativeTarget section */

/* Begin PBXProject section */
		D8C336AD2921E8460008527A /* Project object */ = {
			isa = PBXProject;
			attributes = {
				BuildIndependentTargetsInParallel = 1;
				LastSwiftUpdateCheck = 1320;
				LastUpgradeCheck = 1320;
				TargetAttributes = {
					D8C336B42921E8460008527A = {
						CreatedOnToolsVersion = 13.2.1;
						LastSwiftMigration = 1320;
					};
				};
			};
			buildConfigurationList = D8C336B02921E8460008527A /* Build configuration list for PBXProject "NoteApp" */;
			compatibilityVersion = "Xcode 13.0";
			developmentRegion = en;
			hasScannedForEncodings = 0;
			knownRegions = (
				en,
				Base,
			);
			mainGroup = D8C336AC2921E8460008527A;
			productRefGroup = D8C336B62921E8460008527A /* Products */;
			projectDirPath = "";
			projectRoot = "";
			targets = (
				D8C336B42921E8460008527A /* NoteApp */,
			);
		};
/* End PBXProject section */

/* Begin PBXResourcesBuildPhase section */
		D8C336B32921E8460008527A /* Resources */ = {
			isa = PBXResourcesBuildPhase;
			buildActionMask = 2147483647;
			files = (
				D8B2CB622930A8970008F5C4 /* LockNoteViewController.xib in Resources */,
				D80FA51A2924902B00D0B9ED /* TitleTableViewCell.xib in Resources */,
				D8E464B52934679500275DF2 /* SearchViewController.xib in Resources */,
				D80FA522292490F600D0B9ED /* FolderTableViewCell.xib in Resources */,
				D8F6C6D0292B639500EF1A5F /* NoteContentViewController.xib in Resources */,
				D8C336C82921E8470008527A /* LaunchScreen.storyboard in Resources */,
				367E7F482937AC7D009960F0 /* SettingNoteViewController.xib in Resources */,
				D8C336DC2921FFE70008527A /* Color.xcassets in Resources */,
				D8F6C6CB292B2FB300EF1A5F /* ItemTableViewCell.xib in Resources */,
				D8F6C6C3292B204F00EF1A5F /* ListNoteViewController.xib in Resources */,
				D80FA5262924910500D0B9ED /* SearchTableViewCell.xib in Resources */,
				D8C336C52921E8470008527A /* Assets.xcassets in Resources */,
				D8C336C02921E8460008527A /* Main.storyboard in Resources */,
			);
			runOnlyForDeploymentPostprocessing = 0;
		};
/* End PBXResourcesBuildPhase section */

/* Begin PBXShellScriptBuildPhase section */
		AC2A94D65A4FE3C545FF113E /* [CP] Check Pods Manifest.lock */ = {
			isa = PBXShellScriptBuildPhase;
			buildActionMask = 2147483647;
			files = (
			);
			inputFileListPaths = (
			);
			inputPaths = (
				"${PODS_PODFILE_DIR_PATH}/Podfile.lock",
				"${PODS_ROOT}/Manifest.lock",
			);
			name = "[CP] Check Pods Manifest.lock";
			outputFileListPaths = (
			);
			outputPaths = (
				"$(DERIVED_FILE_DIR)/Pods-NoteApp-checkManifestLockResult.txt",
			);
			runOnlyForDeploymentPostprocessing = 0;
			shellPath = /bin/sh;
			shellScript = "diff \"${PODS_PODFILE_DIR_PATH}/Podfile.lock\" \"${PODS_ROOT}/Manifest.lock\" > /dev/null\nif [ $? != 0 ] ; then\n    # print error to STDERR\n    echo \"error: The sandbox is not in sync with the Podfile.lock. Run 'pod install' or update your CocoaPods installation.\" >&2\n    exit 1\nfi\n# This output is used by Xcode 'outputs' to avoid re-running this script phase.\necho \"SUCCESS\" > \"${SCRIPT_OUTPUT_FILE_0}\"\n";
			showEnvVarsInLog = 0;
		};
		E00EAF4799BD0A9AC70D6818 /* [CP] Embed Pods Frameworks */ = {
			isa = PBXShellScriptBuildPhase;
			buildActionMask = 2147483647;
			files = (
			);
			inputFileListPaths = (
				"${PODS_ROOT}/Target Support Files/Pods-NoteApp/Pods-NoteApp-frameworks-${CONFIGURATION}-input-files.xcfilelist",
			);
			name = "[CP] Embed Pods Frameworks";
			outputFileListPaths = (
				"${PODS_ROOT}/Target Support Files/Pods-NoteApp/Pods-NoteApp-frameworks-${CONFIGURATION}-output-files.xcfilelist",
			);
			runOnlyForDeploymentPostprocessing = 0;
			shellPath = /bin/sh;
			shellScript = "\"${PODS_ROOT}/Target Support Files/Pods-NoteApp/Pods-NoteApp-frameworks.sh\"\n";
			showEnvVarsInLog = 0;
		};
/* End PBXShellScriptBuildPhase section */

/* Begin PBXSourcesBuildPhase section */
		D8C336B12921E8460008527A /* Sources */ = {
			isa = PBXSourcesBuildPhase;
			buildActionMask = 2147483647;
			files = (
				3679F037293B2699009A3BAD /* Crypto.swift in Sources */,
				D80FA5322924D10400D0B9ED /* Other+.swift in Sources */,
				D80FA521292490F600D0B9ED /* FolderTableViewCell.swift in Sources */,
				D8F6C6CF292B639500EF1A5F /* NoteContentViewController.swift in Sources */,
				D8C336B92921E8460008527A /* AppDelegate.swift in Sources */,
				D8F6C6CA292B2FB300EF1A5F /* ItemTableViewCell.swift in Sources */,
				D80FA5252924910500D0B9ED /* SearchTableViewCell.swift in Sources */,
				D80FA5352924D10400D0B9ED /* UITextField+.swift in Sources */,
				D80FA5332924D10400D0B9ED /* String+.swift in Sources */,
				367E7F472937AC7D009960F0 /* SettingNoteViewController.swift in Sources */,
				D80FA5362924D10400D0B9ED /* Date+.swift in Sources */,
				D80FA51529239BB000D0B9ED /* HomeModel.swift in Sources */,
				D8F6C6D5292C72D900EF1A5F /* MLTransition.m in Sources */,
				D8C336C32921E8460008527A /* NoteApp.xcdatamodeld in Sources */,
				D80FA5312924D10400D0B9ED /* UIViewController+.swift in Sources */,
				D80FA5342924D10400D0B9ED /* UIView+.swift in Sources */,
				D8F6C6C7292B28EE00EF1A5F /* ListNoteModel.swift in Sources */,
				D80FA5302924D10400D0B9ED /* UITableView+.swift in Sources */,
				D8E464B42934679500275DF2 /* SearchViewController.swift in Sources */,
				D8B2CB5D29306D500008F5C4 /* Session.swift in Sources */,
				D8F6C6C2292B204F00EF1A5F /* ListNoteViewController.swift in Sources */,
				D80FA5192924902B00D0B9ED /* TitleTableViewCell.swift in Sources */,
				D8B2CB612930A8970008F5C4 /* LockNoteViewController.swift in Sources */,
				D8C336DA2921FE7D0008527A /* HomeController.swift in Sources */,
			);
			runOnlyForDeploymentPostprocessing = 0;
		};
/* End PBXSourcesBuildPhase section */

/* Begin PBXVariantGroup section */
		D8C336BE2921E8460008527A /* Main.storyboard */ = {
			isa = PBXVariantGroup;
			children = (
				D8C336BF2921E8460008527A /* Base */,
			);
			name = Main.storyboard;
			sourceTree = "<group>";
		};
		D8C336C62921E8470008527A /* LaunchScreen.storyboard */ = {
			isa = PBXVariantGroup;
			children = (
				D8C336C72921E8470008527A /* Base */,
			);
			name = LaunchScreen.storyboard;
			sourceTree = "<group>";
		};
/* End PBXVariantGroup section */

/* Begin XCBuildConfiguration section */
		D8C336CA2921E8470008527A /* Debug */ = {
			isa = XCBuildConfiguration;
			buildSettings = {
				ALWAYS_SEARCH_USER_PATHS = NO;
				CLANG_ANALYZER_NONNULL = YES;
				CLANG_ANALYZER_NUMBER_OBJECT_CONVERSION = YES_AGGRESSIVE;
				CLANG_CXX_LANGUAGE_STANDARD = "gnu++17";
				CLANG_CXX_LIBRARY = "libc++";
				CLANG_ENABLE_MODULES = YES;
				CLANG_ENABLE_OBJC_ARC = YES;
				CLANG_ENABLE_OBJC_WEAK = YES;
				CLANG_WARN_BLOCK_CAPTURE_AUTORELEASING = YES;
				CLANG_WARN_BOOL_CONVERSION = YES;
				CLANG_WARN_COMMA = YES;
				CLANG_WARN_CONSTANT_CONVERSION = YES;
				CLANG_WARN_DEPRECATED_OBJC_IMPLEMENTATIONS = YES;
				CLANG_WARN_DIRECT_OBJC_ISA_USAGE = YES_ERROR;
				CLANG_WARN_DOCUMENTATION_COMMENTS = YES;
				CLANG_WARN_EMPTY_BODY = YES;
				CLANG_WARN_ENUM_CONVERSION = YES;
				CLANG_WARN_INFINITE_RECURSION = YES;
				CLANG_WARN_INT_CONVERSION = YES;
				CLANG_WARN_NON_LITERAL_NULL_CONVERSION = YES;
				CLANG_WARN_OBJC_IMPLICIT_RETAIN_SELF = YES;
				CLANG_WARN_OBJC_LITERAL_CONVERSION = YES;
				CLANG_WARN_OBJC_ROOT_CLASS = YES_ERROR;
				CLANG_WARN_QUOTED_INCLUDE_IN_FRAMEWORK_HEADER = YES;
				CLANG_WARN_RANGE_LOOP_ANALYSIS = YES;
				CLANG_WARN_STRICT_PROTOTYPES = YES;
				CLANG_WARN_SUSPICIOUS_MOVE = YES;
				CLANG_WARN_UNGUARDED_AVAILABILITY = YES_AGGRESSIVE;
				CLANG_WARN_UNREACHABLE_CODE = YES;
				CLANG_WARN__DUPLICATE_METHOD_MATCH = YES;
				COPY_PHASE_STRIP = NO;
				DEBUG_INFORMATION_FORMAT = dwarf;
				ENABLE_STRICT_OBJC_MSGSEND = YES;
				ENABLE_TESTABILITY = YES;
				GCC_C_LANGUAGE_STANDARD = gnu11;
				GCC_DYNAMIC_NO_PIC = NO;
				GCC_NO_COMMON_BLOCKS = YES;
				GCC_OPTIMIZATION_LEVEL = 0;
				GCC_PREPROCESSOR_DEFINITIONS = (
					"DEBUG=1",
					"$(inherited)",
				);
				GCC_WARN_64_TO_32_BIT_CONVERSION = YES;
				GCC_WARN_ABOUT_RETURN_TYPE = YES_ERROR;
				GCC_WARN_UNDECLARED_SELECTOR = YES;
				GCC_WARN_UNINITIALIZED_AUTOS = YES_AGGRESSIVE;
				GCC_WARN_UNUSED_FUNCTION = YES;
				GCC_WARN_UNUSED_VARIABLE = YES;
				IPHONEOS_DEPLOYMENT_TARGET = 12.0;
				MTL_ENABLE_DEBUG_INFO = INCLUDE_SOURCE;
				MTL_FAST_MATH = YES;
				ONLY_ACTIVE_ARCH = YES;
				SDKROOT = iphoneos;
				SWIFT_ACTIVE_COMPILATION_CONDITIONS = DEBUG;
				SWIFT_OPTIMIZATION_LEVEL = "-Onone";
			};
			name = Debug;
		};
		D8C336CB2921E8470008527A /* Release */ = {
			isa = XCBuildConfiguration;
			buildSettings = {
				ALWAYS_SEARCH_USER_PATHS = NO;
				CLANG_ANALYZER_NONNULL = YES;
				CLANG_ANALYZER_NUMBER_OBJECT_CONVERSION = YES_AGGRESSIVE;
				CLANG_CXX_LANGUAGE_STANDARD = "gnu++17";
				CLANG_CXX_LIBRARY = "libc++";
				CLANG_ENABLE_MODULES = YES;
				CLANG_ENABLE_OBJC_ARC = YES;
				CLANG_ENABLE_OBJC_WEAK = YES;
				CLANG_WARN_BLOCK_CAPTURE_AUTORELEASING = YES;
				CLANG_WARN_BOOL_CONVERSION = YES;
				CLANG_WARN_COMMA = YES;
				CLANG_WARN_CONSTANT_CONVERSION = YES;
				CLANG_WARN_DEPRECATED_OBJC_IMPLEMENTATIONS = YES;
				CLANG_WARN_DIRECT_OBJC_ISA_USAGE = YES_ERROR;
				CLANG_WARN_DOCUMENTATION_COMMENTS = YES;
				CLANG_WARN_EMPTY_BODY = YES;
				CLANG_WARN_ENUM_CONVERSION = YES;
				CLANG_WARN_INFINITE_RECURSION = YES;
				CLANG_WARN_INT_CONVERSION = YES;
				CLANG_WARN_NON_LITERAL_NULL_CONVERSION = YES;
				CLANG_WARN_OBJC_IMPLICIT_RETAIN_SELF = YES;
				CLANG_WARN_OBJC_LITERAL_CONVERSION = YES;
				CLANG_WARN_OBJC_ROOT_CLASS = YES_ERROR;
				CLANG_WARN_QUOTED_INCLUDE_IN_FRAMEWORK_HEADER = YES;
				CLANG_WARN_RANGE_LOOP_ANALYSIS = YES;
				CLANG_WARN_STRICT_PROTOTYPES = YES;
				CLANG_WARN_SUSPICIOUS_MOVE = YES;
				CLANG_WARN_UNGUARDED_AVAILABILITY = YES_AGGRESSIVE;
				CLANG_WARN_UNREACHABLE_CODE = YES;
				CLANG_WARN__DUPLICATE_METHOD_MATCH = YES;
				COPY_PHASE_STRIP = NO;
				DEBUG_INFORMATION_FORMAT = "dwarf-with-dsym";
				ENABLE_NS_ASSERTIONS = NO;
				ENABLE_STRICT_OBJC_MSGSEND = YES;
				GCC_C_LANGUAGE_STANDARD = gnu11;
				GCC_NO_COMMON_BLOCKS = YES;
				GCC_WARN_64_TO_32_BIT_CONVERSION = YES;
				GCC_WARN_ABOUT_RETURN_TYPE = YES_ERROR;
				GCC_WARN_UNDECLARED_SELECTOR = YES;
				GCC_WARN_UNINITIALIZED_AUTOS = YES_AGGRESSIVE;
				GCC_WARN_UNUSED_FUNCTION = YES;
				GCC_WARN_UNUSED_VARIABLE = YES;
				IPHONEOS_DEPLOYMENT_TARGET = 12.0;
				MTL_ENABLE_DEBUG_INFO = NO;
				MTL_FAST_MATH = YES;
				SDKROOT = iphoneos;
				SWIFT_COMPILATION_MODE = wholemodule;
				SWIFT_OPTIMIZATION_LEVEL = "-O";
				VALIDATE_PRODUCT = YES;
			};
			name = Release;
		};
		D8C336CD2921E8470008527A /* Debug */ = {
			isa = XCBuildConfiguration;
			baseConfigurationReference = A2173153BA163A8E51520CA7 /* Pods-NoteApp.debug.xcconfig */;
			buildSettings = {
				ASSETCATALOG_COMPILER_APPICON_NAME = AppIcon;
				ASSETCATALOG_COMPILER_GLOBAL_ACCENT_COLOR_NAME = AccentColor;
				CLANG_ENABLE_MODULES = YES;
				CODE_SIGN_IDENTITY = "Apple Development";
				CODE_SIGN_STYLE = Automatic;
				CURRENT_PROJECT_VERSION = 1;
				DEVELOPMENT_TEAM = 3JQK33626M;
				GENERATE_INFOPLIST_FILE = YES;
				INFOPLIST_FILE = NoteApp/Info.plist;
				INFOPLIST_KEY_NSAppleMusicUsageDescription = "Please allow photo to use this app";
				INFOPLIST_KEY_NSCameraUsageDescription = "Please allow camera to use this app";
				INFOPLIST_KEY_NSFaceIDUsageDescription = "Please allow FaceID or TouchID to unlock note quickly";
				INFOPLIST_KEY_UIApplicationSupportsIndirectInputEvents = YES;
				INFOPLIST_KEY_UILaunchStoryboardName = LaunchScreen;
				INFOPLIST_KEY_UIMainStoryboardFile = Main;
				INFOPLIST_KEY_UISupportedInterfaceOrientations_iPad = "UIInterfaceOrientationPortrait UIInterfaceOrientationPortraitUpsideDown UIInterfaceOrientationLandscapeLeft UIInterfaceOrientationLandscapeRight";
				INFOPLIST_KEY_UISupportedInterfaceOrientations_iPhone = "UIInterfaceOrientationPortrait UIInterfaceOrientationLandscapeLeft UIInterfaceOrientationLandscapeRight";
				IPHONEOS_DEPLOYMENT_TARGET = 12.0;
				LD_RUNPATH_SEARCH_PATHS = (
					"$(inherited)",
					"@executable_path/Frameworks",
				);
				MARKETING_VERSION = 1.0;
				PRODUCT_BUNDLE_IDENTIFIER = com.tuicoding.NoteApp;
				PRODUCT_NAME = "$(TARGET_NAME)";
				PROVISIONING_PROFILE_SPECIFIER = "";
				SWIFT_EMIT_LOC_STRINGS = YES;
				SWIFT_OBJC_BRIDGING_HEADER = "NoteApp/Lib/NoteApp-Bridging-Header.h";
				SWIFT_OPTIMIZATION_LEVEL = "-Onone";
				SWIFT_VERSION = 5.0;
				TARGETED_DEVICE_FAMILY = "1,2";
			};
			name = Debug;
		};
		D8C336CE2921E8470008527A /* Release */ = {
			isa = XCBuildConfiguration;
			baseConfigurationReference = 052467612AB716AA8E99F55F /* Pods-NoteApp.release.xcconfig */;
			buildSettings = {
				ASSETCATALOG_COMPILER_APPICON_NAME = AppIcon;
				ASSETCATALOG_COMPILER_GLOBAL_ACCENT_COLOR_NAME = AccentColor;
				CLANG_ENABLE_MODULES = YES;
				CODE_SIGN_IDENTITY = "Apple Development";
				CODE_SIGN_STYLE = Automatic;
				CURRENT_PROJECT_VERSION = 1;
				DEVELOPMENT_TEAM = 3JQK33626M;
				GENERATE_INFOPLIST_FILE = YES;
				INFOPLIST_FILE = NoteApp/Info.plist;
				INFOPLIST_KEY_NSAppleMusicUsageDescription = "Please allow photo to use this app";
				INFOPLIST_KEY_NSCameraUsageDescription = "Please allow camera to use this app";
				INFOPLIST_KEY_NSFaceIDUsageDescription = "Please allow FaceID or TouchID to unlock note quickly";
				INFOPLIST_KEY_UIApplicationSupportsIndirectInputEvents = YES;
				INFOPLIST_KEY_UILaunchStoryboardName = LaunchScreen;
				INFOPLIST_KEY_UIMainStoryboardFile = Main;
				INFOPLIST_KEY_UISupportedInterfaceOrientations_iPad = "UIInterfaceOrientationPortrait UIInterfaceOrientationPortraitUpsideDown UIInterfaceOrientationLandscapeLeft UIInterfaceOrientationLandscapeRight";
				INFOPLIST_KEY_UISupportedInterfaceOrientations_iPhone = "UIInterfaceOrientationPortrait UIInterfaceOrientationLandscapeLeft UIInterfaceOrientationLandscapeRight";
				IPHONEOS_DEPLOYMENT_TARGET = 12.0;
				LD_RUNPATH_SEARCH_PATHS = (
					"$(inherited)",
					"@executable_path/Frameworks",
				);
				MARKETING_VERSION = 1.0;
				PRODUCT_BUNDLE_IDENTIFIER = com.tuicoding.NoteApp;
				PRODUCT_NAME = "$(TARGET_NAME)";
				PROVISIONING_PROFILE_SPECIFIER = "";
				SWIFT_EMIT_LOC_STRINGS = YES;
				SWIFT_OBJC_BRIDGING_HEADER = "NoteApp/Lib/NoteApp-Bridging-Header.h";
				SWIFT_VERSION = 5.0;
				TARGETED_DEVICE_FAMILY = "1,2";
			};
			name = Release;
		};
/* End XCBuildConfiguration section */

/* Begin XCConfigurationList section */
		D8C336B02921E8460008527A /* Build configuration list for PBXProject "NoteApp" */ = {
			isa = XCConfigurationList;
			buildConfigurations = (
				D8C336CA2921E8470008527A /* Debug */,
				D8C336CB2921E8470008527A /* Release */,
			);
			defaultConfigurationIsVisible = 0;
			defaultConfigurationName = Release;
		};
		D8C336CC2921E8470008527A /* Build configuration list for PBXNativeTarget "NoteApp" */ = {
			isa = XCConfigurationList;
			buildConfigurations = (
				D8C336CD2921E8470008527A /* Debug */,
				D8C336CE2921E8470008527A /* Release */,
			);
			defaultConfigurationIsVisible = 0;
			defaultConfigurationName = Release;
		};
/* End XCConfigurationList section */

/* Begin XCVersionGroup section */
		D8C336C12921E8460008527A /* NoteApp.xcdatamodeld */ = {
			isa = XCVersionGroup;
			children = (
				D8C336C22921E8460008527A /* NoteApp.xcdatamodel */,
			);
			currentVersion = D8C336C22921E8460008527A /* NoteApp.xcdatamodel */;
			path = NoteApp.xcdatamodeld;
			sourceTree = "<group>";
			versionGroupType = wrapper.xcdatamodel;
		};
/* End XCVersionGroup section */
	};
	rootObject = D8C336AD2921E8460008527A /* Project object */;
}
