// !$*UTF8*$!
{
	archiveVersion = 1;
	classes = {
	};
	objectVersion = 55;
	objects = {

/* Begin PBXBuildFile section */
		218133CE0BAB129F8591D057 /* Pods_NoteApp.framework in Frameworks */ = {isa = PBXBuildFile; fileRef = 82CAA844755A9849F41104EC /* Pods_NoteApp.framework */; };
		D8C336B92921E8460008527A /* AppDelegate.swift in Sources */ = {isa = PBXBuildFile; fileRef = D8C336B82921E8460008527A /* AppDelegate.swift */; };
		D8C336BB2921E8460008527A /* SceneDelegate.swift in Sources */ = {isa = PBXBuildFile; fileRef = D8C336BA2921E8460008527A /* SceneDelegate.swift */; };
		D8C336BD2921E8460008527A /* ViewController.swift in Sources */ = {isa = PBXBuildFile; fileRef = D8C336BC2921E8460008527A /* ViewController.swift */; };
		D8C336C02921E8460008527A /* Main.storyboard in Resources */ = {isa = PBXBuildFile; fileRef = D8C336BE2921E8460008527A /* Main.storyboard */; };
		D8C336C32921E8460008527A /* NoteApp.xcdatamodeld in Sources */ = {isa = PBXBuildFile; fileRef = D8C336C12921E8460008527A /* NoteApp.xcdatamodeld */; };
		D8C336C52921E8470008527A /* Assets.xcassets in Resources */ = {isa = PBXBuildFile; fileRef = D8C336C42921E8470008527A /* Assets.xcassets */; };
		D8C336C82921E8470008527A /* LaunchScreen.storyboard in Resources */ = {isa = PBXBuildFile; fileRef = D8C336C62921E8470008527A /* LaunchScreen.storyboard */; };
		D8C336DA2921FE7D0008527A /* HomeController.swift in Sources */ = {isa = PBXBuildFile; fileRef = D8C336D92921FE7D0008527A /* HomeController.swift */; };
		D8C336DC2921FFE70008527A /* Color.xcassets in Resources */ = {isa = PBXBuildFile; fileRef = D8C336DB2921FFE70008527A /* Color.xcassets */; };
		D8C336DE292200CE0008527A /* FolderEntity.swift in Sources */ = {isa = PBXBuildFile; fileRef = D8C336DD292200CE0008527A /* FolderEntity.swift */; };
		D8C336E02922010D0008527A /* CoreDataManager.swift in Sources */ = {isa = PBXBuildFile; fileRef = D8C336DF2922010D0008527A /* CoreDataManager.swift */; };
/* End PBXBuildFile section */

/* Begin PBXFileReference section */
		052467612AB716AA8E99F55F /* Pods-NoteApp.release.xcconfig */ = {isa = PBXFileReference; includeInIndex = 1; lastKnownFileType = text.xcconfig; name = "Pods-NoteApp.release.xcconfig"; path = "Target Support Files/Pods-NoteApp/Pods-NoteApp.release.xcconfig"; sourceTree = "<group>"; };
		82CAA844755A9849F41104EC /* Pods_NoteApp.framework */ = {isa = PBXFileReference; explicitFileType = wrapper.framework; includeInIndex = 0; path = Pods_NoteApp.framework; sourceTree = BUILT_PRODUCTS_DIR; };
		A2173153BA163A8E51520CA7 /* Pods-NoteApp.debug.xcconfig */ = {isa = PBXFileReference; includeInIndex = 1; lastKnownFileType = text.xcconfig; name = "Pods-NoteApp.debug.xcconfig"; path = "Target Support Files/Pods-NoteApp/Pods-NoteApp.debug.xcconfig"; sourceTree = "<group>"; };
		D8C336B52921E8460008527A /* NoteApp.app */ = {isa = PBXFileReference; explicitFileType = wrapper.application; includeInIndex = 0; path = NoteApp.app; sourceTree = BUILT_PRODUCTS_DIR; };
		D8C336B82921E8460008527A /* AppDelegate.swift */ = {isa = PBXFileReference; lastKnownFileType = sourcecode.swift; path = AppDelegate.swift; sourceTree = "<group>"; };
		D8C336BA2921E8460008527A /* SceneDelegate.swift */ = {isa = PBXFileReference; lastKnownFileType = sourcecode.swift; path = SceneDelegate.swift; sourceTree = "<group>"; };
		D8C336BC2921E8460008527A /* ViewController.swift */ = {isa = PBXFileReference; lastKnownFileType = sourcecode.swift; path = ViewController.swift; sourceTree = "<group>"; };
		D8C336BF2921E8460008527A /* Base */ = {isa = PBXFileReference; lastKnownFileType = file.storyboard; name = Base; path = Base.lproj/Main.storyboard; sourceTree = "<group>"; };
		D8C336C22921E8460008527A /* NoteApp.xcdatamodel */ = {isa = PBXFileReference; lastKnownFileType = wrapper.xcdatamodel; path = NoteApp.xcdatamodel; sourceTree = "<group>"; };
		D8C336C42921E8470008527A /* Assets.xcassets */ = {isa = PBXFileReference; lastKnownFileType = folder.assetcatalog; path = Assets.xcassets; sourceTree = "<group>"; };
		D8C336C72921E8470008527A /* Base */ = {isa = PBXFileReference; lastKnownFileType = file.storyboard; name = Base; path = Base.lproj/LaunchScreen.storyboard; sourceTree = "<group>"; };
		D8C336C92921E8470008527A /* Info.plist */ = {isa = PBXFileReference; lastKnownFileType = text.plist.xml; path = Info.plist; sourceTree = "<group>"; };
		D8C336D92921FE7D0008527A /* HomeController.swift */ = {isa = PBXFileReference; lastKnownFileType = sourcecode.swift; path = HomeController.swift; sourceTree = "<group>"; };
		D8C336DB2921FFE70008527A /* Color.xcassets */ = {isa = PBXFileReference; lastKnownFileType = folder.assetcatalog; path = Color.xcassets; sourceTree = "<group>"; };
		D8C336DD292200CE0008527A /* FolderEntity.swift */ = {isa = PBXFileReference; lastKnownFileType = sourcecode.swift; path = FolderEntity.swift; sourceTree = "<group>"; };
		D8C336DF2922010D0008527A /* CoreDataManager.swift */ = {isa = PBXFileReference; lastKnownFileType = sourcecode.swift; path = CoreDataManager.swift; sourceTree = "<group>"; };
/* End PBXFileReference section */

/* Begin PBXFrameworksBuildPhase section */
		D8C336B22921E8460008527A /* Frameworks */ = {
			isa = PBXFrameworksBuildPhase;
			buildActionMask = 2147483647;
			files = (
				218133CE0BAB129F8591D057 /* Pods_NoteApp.framework in Frameworks */,
			);
			runOnlyForDeploymentPostprocessing = 0;
		};
/* End PBXFrameworksBuildPhase section */

/* Begin PBXGroup section */
		53698B1396957D96F1C8F46F /* Pods */ = {
			isa = PBXGroup;
			children = (
				A2173153BA163A8E51520CA7 /* Pods-NoteApp.debug.xcconfig */,
				052467612AB716AA8E99F55F /* Pods-NoteApp.release.xcconfig */,
			);
			path = Pods;
			sourceTree = "<group>";
		};
		D8C336AC2921E8460008527A = {
			isa = PBXGroup;
			children = (
				D8C336B72921E8460008527A /* NoteApp */,
				D8C336B62921E8460008527A /* Products */,
				53698B1396957D96F1C8F46F /* Pods */,
				F4C65CCA9943866D7D3FD387 /* Frameworks */,
			);
			sourceTree = "<group>";
		};
		D8C336B62921E8460008527A /* Products */ = {
			isa = PBXGroup;
			children = (
				D8C336B52921E8460008527A /* NoteApp.app */,
			);
			name = Products;
			sourceTree = "<group>";
		};
		D8C336B72921E8460008527A /* NoteApp */ = {
			isa = PBXGroup;
			children = (
				D8C336CF2921ECB60008527A /* Application */,
				D8C336D62921F3FF0008527A /* Model */,
				D8C336D22921ED4E0008527A /* Presentation */,
				D8C336D42921ED5C0008527A /* Resources */,
				D8C336BC2921E8460008527A /* ViewController.swift */,
			);
			path = NoteApp;
			sourceTree = "<group>";
		};
		D8C336CF2921ECB60008527A /* Application */ = {
			isa = PBXGroup;
			children = (
				D8C336B82921E8460008527A /* AppDelegate.swift */,
				D8C336BA2921E8460008527A /* SceneDelegate.swift */,
			);
			path = Application;
			sourceTree = "<group>";
		};
		D8C336D22921ED4E0008527A /* Presentation */ = {
			isa = PBXGroup;
			children = (
				D8C336D82921FE630008527A /* View */,
			);
			path = Presentation;
			sourceTree = "<group>";
		};
		D8C336D42921ED5C0008527A /* Resources */ = {
			isa = PBXGroup;
			children = (
				D8C336DB2921FFE70008527A /* Color.xcassets */,
				D8C336C62921E8470008527A /* LaunchScreen.storyboard */,
				D8C336C92921E8470008527A /* Info.plist */,
				D8C336C42921E8470008527A /* Assets.xcassets */,
			);
			path = Resources;
			sourceTree = "<group>";
		};
		D8C336D62921F3FF0008527A /* Model */ = {
			isa = PBXGroup;
			children = (
				D8C336C12921E8460008527A /* NoteApp.xcdatamodeld */,
				D8C336DD292200CE0008527A /* FolderEntity.swift */,
				D8C336DF2922010D0008527A /* CoreDataManager.swift */,
			);
			path = Model;
			sourceTree = "<group>";
		};
		D8C336D82921FE630008527A /* View */ = {
			isa = PBXGroup;
			children = (
				D8C336BE2921E8460008527A /* Main.storyboard */,
				D8C336D92921FE7D0008527A /* HomeController.swift */,
			);
			path = View;
			sourceTree = "<group>";
		};
		F4C65CCA9943866D7D3FD387 /* Frameworks */ = {
			isa = PBXGroup;
			children = (
				82CAA844755A9849F41104EC /* Pods_NoteApp.framework */,
			);
			name = Frameworks;
			sourceTree = "<group>";
		};
/* End PBXGroup section */

/* Begin PBXNativeTarget section */
		D8C336B42921E8460008527A /* NoteApp */ = {
			isa = PBXNativeTarget;
			buildConfigurationList = D8C336CC2921E8470008527A /* Build configuration list for PBXNativeTarget "NoteApp" */;
			buildPhases = (
				AC2A94D65A4FE3C545FF113E /* [CP] Check Pods Manifest.lock */,
				D8C336B12921E8460008527A /* Sources */,
				D8C336B22921E8460008527A /* Frameworks */,
				D8C336B32921E8460008527A /* Resources */,
				E00EAF4799BD0A9AC70D6818 /* [CP] Embed Pods Frameworks */,
			);
			buildRules = (
			);
			dependencies = (
			);
			name = NoteApp;
			productName = NoteApp;
			productReference = D8C336B52921E8460008527A /* NoteApp.app */;
			productType = "com.apple.product-type.application";
		};
/* End PBXNativeTarget section */

/* Begin PBXProject section */
		D8C336AD2921E8460008527A /* Project object */ = {
			isa = PBXProject;
			attributes = {
				BuildIndependentTargetsInParallel = 1;
				LastSwiftUpdateCheck = 1320;
				LastUpgradeCheck = 1320;
				TargetAttributes = {
					D8C336B42921E8460008527A = {
						CreatedOnToolsVersion = 13.2.1;
					};
				};
			};
			buildConfigurationList = D8C336B02921E8460008527A /* Build configuration list for PBXProject "NoteApp" */;
			compatibilityVersion = "Xcode 13.0";
			developmentRegion = en;
			hasScannedForEncodings = 0;
			knownRegions = (
				en,
				Base,
			);
			mainGroup = D8C336AC2921E8460008527A;
			productRefGroup = D8C336B62921E8460008527A /* Products */;
			projectDirPath = "";
			projectRoot = "";
			targets = (
				D8C336B42921E8460008527A /* NoteApp */,
			);
		};
/* End PBXProject section */

/* Begin PBXResourcesBuildPhase section */
		D8C336B32921E8460008527A /* Resources */ = {
			isa = PBXResourcesBuildPhase;
			buildActionMask = 2147483647;
			files = (
				D8C336C82921E8470008527A /* LaunchScreen.storyboard in Resources */,
				D8C336DC2921FFE70008527A /* Color.xcassets in Resources */,
				D8C336C52921E8470008527A /* Assets.xcassets in Resources */,
				D8C336C02921E8460008527A /* Main.storyboard in Resources */,
			);
			runOnlyForDeploymentPostprocessing = 0;
		};
/* End PBXResourcesBuildPhase section */

/* Begin PBXShellScriptBuildPhase section */
		AC2A94D65A4FE3C545FF113E /* [CP] Check Pods Manifest.lock */ = {
			isa = PBXShellScriptBuildPhase;
			buildActionMask = 2147483647;
			files = (
			);
			inputFileListPaths = (
			);
			inputPaths = (
				"${PODS_PODFILE_DIR_PATH}/Podfile.lock",
				"${PODS_ROOT}/Manifest.lock",
			);
			name = "[CP] Check Pods Manifest.lock";
			outputFileListPaths = (
			);
			outputPaths = (
				"$(DERIVED_FILE_DIR)/Pods-NoteApp-checkManifestLockResult.txt",
			);
			runOnlyForDeploymentPostprocessing = 0;
			shellPath = /bin/sh;
			shellScript = "diff \"${PODS_PODFILE_DIR_PATH}/Podfile.lock\" \"${PODS_ROOT}/Manifest.lock\" > /dev/null\nif [ $? != 0 ] ; then\n    # print error to STDERR\n    echo \"error: The sandbox is not in sync with the Podfile.lock. Run 'pod install' or update your CocoaPods installation.\" >&2\n    exit 1\nfi\n# This output is used by Xcode 'outputs' to avoid re-running this script phase.\necho \"SUCCESS\" > \"${SCRIPT_OUTPUT_FILE_0}\"\n";
			showEnvVarsInLog = 0;
		};
		E00EAF4799BD0A9AC70D6818 /* [CP] Embed Pods Frameworks */ = {
			isa = PBXShellScriptBuildPhase;
			buildActionMask = 2147483647;
			files = (
			);
			inputFileListPaths = (
				"${PODS_ROOT}/Target Support Files/Pods-NoteApp/Pods-NoteApp-frameworks-${CONFIGURATION}-input-files.xcfilelist",
			);
			name = "[CP] Embed Pods Frameworks";
			outputFileListPaths = (
				"${PODS_ROOT}/Target Support Files/Pods-NoteApp/Pods-NoteApp-frameworks-${CONFIGURATION}-output-files.xcfilelist",
			);
			runOnlyForDeploymentPostprocessing = 0;
			shellPath = /bin/sh;
			shellScript = "\"${PODS_ROOT}/Target Support Files/Pods-NoteApp/Pods-NoteApp-frameworks.sh\"\n";
			showEnvVarsInLog = 0;
		};
/* End PBXShellScriptBuildPhase section */

/* Begin PBXSourcesBuildPhase section */
		D8C336B12921E8460008527A /* Sources */ = {
			isa = PBXSourcesBuildPhase;
			buildActionMask = 2147483647;
			files = (
				D8C336BD2921E8460008527A /* ViewController.swift in Sources */,
				D8C336B92921E8460008527A /* AppDelegate.swift in Sources */,
				D8C336DE292200CE0008527A /* FolderEntity.swift in Sources */,
				D8C336BB2921E8460008527A /* SceneDelegate.swift in Sources */,
				D8C336C32921E8460008527A /* NoteApp.xcdatamodeld in Sources */,
				D8C336E02922010D0008527A /* CoreDataManager.swift in Sources */,
				D8C336DA2921FE7D0008527A /* HomeController.swift in Sources */,
			);
			runOnlyForDeploymentPostprocessing = 0;
		};
/* End PBXSourcesBuildPhase section */

/* Begin PBXVariantGroup section */
		D8C336BE2921E8460008527A /* Main.storyboard */ = {
			isa = PBXVariantGroup;
			children = (
				D8C336BF2921E8460008527A /* Base */,
			);
			name = Main.storyboard;
			sourceTree = "<group>";
		};
		D8C336C62921E8470008527A /* LaunchScreen.storyboard */ = {
			isa = PBXVariantGroup;
			children = (
				D8C336C72921E8470008527A /* Base */,
			);
			name = LaunchScreen.storyboard;
			sourceTree = "<group>";
		};
/* End PBXVariantGroup section */

/* Begin XCBuildConfiguration section */
		D8C336CA2921E8470008527A /* Debug */ = {
			isa = XCBuildConfiguration;
			buildSettings = {
				ALWAYS_SEARCH_USER_PATHS = NO;
				CLANG_ANALYZER_NONNULL = YES;
				CLANG_ANALYZER_NUMBER_OBJECT_CONVERSION = YES_AGGRESSIVE;
				CLANG_CXX_LANGUAGE_STANDARD = "gnu++17";
				CLANG_CXX_LIBRARY = "libc++";
				CLANG_ENABLE_MODULES = YES;
				CLANG_ENABLE_OBJC_ARC = YES;
				CLANG_ENABLE_OBJC_WEAK = YES;
				CLANG_WARN_BLOCK_CAPTURE_AUTORELEASING = YES;
				CLANG_WARN_BOOL_CONVERSION = YES;
				CLANG_WARN_COMMA = YES;
				CLANG_WARN_CONSTANT_CONVERSION = YES;
				CLANG_WARN_DEPRECATED_OBJC_IMPLEMENTATIONS = YES;
				CLANG_WARN_DIRECT_OBJC_ISA_USAGE = YES_ERROR;
				CLANG_WARN_DOCUMENTATION_COMMENTS = YES;
				CLANG_WARN_EMPTY_BODY = YES;
				CLANG_WARN_ENUM_CONVERSION = YES;
				CLANG_WARN_INFINITE_RECURSION = YES;
				CLANG_WARN_INT_CONVERSION = YES;
				CLANG_WARN_NON_LITERAL_NULL_CONVERSION = YES;
				CLANG_WARN_OBJC_IMPLICIT_RETAIN_SELF = YES;
				CLANG_WARN_OBJC_LITERAL_CONVERSION = YES;
				CLANG_WARN_OBJC_ROOT_CLASS = YES_ERROR;
				CLANG_WARN_QUOTED_INCLUDE_IN_FRAMEWORK_HEADER = YES;
				CLANG_WARN_RANGE_LOOP_ANALYSIS = YES;
				CLANG_WARN_STRICT_PROTOTYPES = YES;
				CLANG_WARN_SUSPICIOUS_MOVE = YES;
				CLANG_WARN_UNGUARDED_AVAILABILITY = YES_AGGRESSIVE;
				CLANG_WARN_UNREACHABLE_CODE = YES;
				CLANG_WARN__DUPLICATE_METHOD_MATCH = YES;
				COPY_PHASE_STRIP = NO;
				DEBUG_INFORMATION_FORMAT = dwarf;
				ENABLE_STRICT_OBJC_MSGSEND = YES;
				ENABLE_TESTABILITY = YES;
				GCC_C_LANGUAGE_STANDARD = gnu11;
				GCC_DYNAMIC_NO_PIC = NO;
				GCC_NO_COMMON_BLOCKS = YES;
				GCC_OPTIMIZATION_LEVEL = 0;
				GCC_PREPROCESSOR_DEFINITIONS = (
					"DEBUG=1",
					"$(inherited)",
				);
				GCC_WARN_64_TO_32_BIT_CONVERSION = YES;
				GCC_WARN_ABOUT_RETURN_TYPE = YES_ERROR;
				GCC_WARN_UNDECLARED_SELECTOR = YES;
				GCC_WARN_UNINITIALIZED_AUTOS = YES_AGGRESSIVE;
				GCC_WARN_UNUSED_FUNCTION = YES;
				GCC_WARN_UNUSED_VARIABLE = YES;
				IPHONEOS_DEPLOYMENT_TARGET = 15.2;
				MTL_ENABLE_DEBUG_INFO = INCLUDE_SOURCE;
				MTL_FAST_MATH = YES;
				ONLY_ACTIVE_ARCH = YES;
				SDKROOT = iphoneos;
				SWIFT_ACTIVE_COMPILATION_CONDITIONS = DEBUG;
				SWIFT_OPTIMIZATION_LEVEL = "-Onone";
			};
			name = Debug;
		};
		D8C336CB2921E8470008527A /* Release */ = {
			isa = XCBuildConfiguration;
			buildSettings = {
				ALWAYS_SEARCH_USER_PATHS = NO;
				CLANG_ANALYZER_NONNULL = YES;
				CLANG_ANALYZER_NUMBER_OBJECT_CONVERSION = YES_AGGRESSIVE;
				CLANG_CXX_LANGUAGE_STANDARD = "gnu++17";
				CLANG_CXX_LIBRARY = "libc++";
				CLANG_ENABLE_MODULES = YES;
				CLANG_ENABLE_OBJC_ARC = YES;
				CLANG_ENABLE_OBJC_WEAK = YES;
				CLANG_WARN_BLOCK_CAPTURE_AUTORELEASING = YES;
				CLANG_WARN_BOOL_CONVERSION = YES;
				CLANG_WARN_COMMA = YES;
				CLANG_WARN_CONSTANT_CONVERSION = YES;
				CLANG_WARN_DEPRECATED_OBJC_IMPLEMENTATIONS = YES;
				CLANG_WARN_DIRECT_OBJC_ISA_USAGE = YES_ERROR;
				CLANG_WARN_DOCUMENTATION_COMMENTS = YES;
				CLANG_WARN_EMPTY_BODY = YES;
				CLANG_WARN_ENUM_CONVERSION = YES;
				CLANG_WARN_INFINITE_RECURSION = YES;
				CLANG_WARN_INT_CONVERSION = YES;
				CLANG_WARN_NON_LITERAL_NULL_CONVERSION = YES;
				CLANG_WARN_OBJC_IMPLICIT_RETAIN_SELF = YES;
				CLANG_WARN_OBJC_LITERAL_CONVERSION = YES;
				CLANG_WARN_OBJC_ROOT_CLASS = YES_ERROR;
				CLANG_WARN_QUOTED_INCLUDE_IN_FRAMEWORK_HEADER = YES;
				CLANG_WARN_RANGE_LOOP_ANALYSIS = YES;
				CLANG_WARN_STRICT_PROTOTYPES = YES;
				CLANG_WARN_SUSPICIOUS_MOVE = YES;
				CLANG_WARN_UNGUARDED_AVAILABILITY = YES_AGGRESSIVE;
				CLANG_WARN_UNREACHABLE_CODE = YES;
				CLANG_WARN__DUPLICATE_METHOD_MATCH = YES;
				COPY_PHASE_STRIP = NO;
				DEBUG_INFORMATION_FORMAT = "dwarf-with-dsym";
				ENABLE_NS_ASSERTIONS = NO;
				ENABLE_STRICT_OBJC_MSGSEND = YES;
				GCC_C_LANGUAGE_STANDARD = gnu11;
				GCC_NO_COMMON_BLOCKS = YES;
				GCC_WARN_64_TO_32_BIT_CONVERSION = YES;
				GCC_WARN_ABOUT_RETURN_TYPE = YES_ERROR;
				GCC_WARN_UNDECLARED_SELECTOR = YES;
				GCC_WARN_UNINITIALIZED_AUTOS = YES_AGGRESSIVE;
				GCC_WARN_UNUSED_FUNCTION = YES;
				GCC_WARN_UNUSED_VARIABLE = YES;
				IPHONEOS_DEPLOYMENT_TARGET = 15.2;
				MTL_ENABLE_DEBUG_INFO = NO;
				MTL_FAST_MATH = YES;
				SDKROOT = iphoneos;
				SWIFT_COMPILATION_MODE = wholemodule;
				SWIFT_OPTIMIZATION_LEVEL = "-O";
				VALIDATE_PRODUCT = YES;
			};
			name = Release;
		};
		D8C336CD2921E8470008527A /* Debug */ = {
			isa = XCBuildConfiguration;
			baseConfigurationReference = A2173153BA163A8E51520CA7 /* Pods-NoteApp.debug.xcconfig */;
			buildSettings = {
				ASSETCATALOG_COMPILER_APPICON_NAME = AppIcon;
				ASSETCATALOG_COMPILER_GLOBAL_ACCENT_COLOR_NAME = AccentColor;
				CODE_SIGN_STYLE = Automatic;
				CURRENT_PROJECT_VERSION = 1;
				DEVELOPMENT_TEAM = 3JQK33626M;
				GENERATE_INFOPLIST_FILE = YES;
				INFOPLIST_FILE = NoteApp/Info.plist;
				INFOPLIST_KEY_UIApplicationSupportsIndirectInputEvents = YES;
				INFOPLIST_KEY_UILaunchStoryboardName = LaunchScreen;
				INFOPLIST_KEY_UIMainStoryboardFile = Main;
				INFOPLIST_KEY_UISupportedInterfaceOrientations_iPad = "UIInterfaceOrientationPortrait UIInterfaceOrientationPortraitUpsideDown UIInterfaceOrientationLandscapeLeft UIInterfaceOrientationLandscapeRight";
				INFOPLIST_KEY_UISupportedInterfaceOrientations_iPhone = "UIInterfaceOrientationPortrait UIInterfaceOrientationLandscapeLeft UIInterfaceOrientationLandscapeRight";
				IPHONEOS_DEPLOYMENT_TARGET = 14.0;
				LD_RUNPATH_SEARCH_PATHS = (
					"$(inherited)",
					"@executable_path/Frameworks",
				);
				MARKETING_VERSION = 1.0;
				PRODUCT_BUNDLE_IDENTIFIER = com.tuicoding.NoteApp;
				PRODUCT_NAME = "$(TARGET_NAME)";
				SWIFT_EMIT_LOC_STRINGS = YES;
				SWIFT_VERSION = 5.0;
				TARGETED_DEVICE_FAMILY = "1,2";
			};
			name = Debug;
		};
		D8C336CE2921E8470008527A /* Release */ = {
			isa = XCBuildConfiguration;
			baseConfigurationReference = 052467612AB716AA8E99F55F /* Pods-NoteApp.release.xcconfig */;
			buildSettings = {
				ASSETCATALOG_COMPILER_APPICON_NAME = AppIcon;
				ASSETCATALOG_COMPILER_GLOBAL_ACCENT_COLOR_NAME = AccentColor;
				CODE_SIGN_STYLE = Automatic;
				CURRENT_PROJECT_VERSION = 1;
				DEVELOPMENT_TEAM = 3JQK33626M;
				GENERATE_INFOPLIST_FILE = YES;
				INFOPLIST_FILE = NoteApp/Info.plist;
				INFOPLIST_KEY_UIApplicationSupportsIndirectInputEvents = YES;
				INFOPLIST_KEY_UILaunchStoryboardName = LaunchScreen;
				INFOPLIST_KEY_UIMainStoryboardFile = Main;
				INFOPLIST_KEY_UISupportedInterfaceOrientations_iPad = "UIInterfaceOrientationPortrait UIInterfaceOrientationPortraitUpsideDown UIInterfaceOrientationLandscapeLeft UIInterfaceOrientationLandscapeRight";
				INFOPLIST_KEY_UISupportedInterfaceOrientations_iPhone = "UIInterfaceOrientationPortrait UIInterfaceOrientationLandscapeLeft UIInterfaceOrientationLandscapeRight";
				IPHONEOS_DEPLOYMENT_TARGET = 14.0;
				LD_RUNPATH_SEARCH_PATHS = (
					"$(inherited)",
					"@executable_path/Frameworks",
				);
				MARKETING_VERSION = 1.0;
				PRODUCT_BUNDLE_IDENTIFIER = com.tuicoding.NoteApp;
				PRODUCT_NAME = "$(TARGET_NAME)";
				SWIFT_EMIT_LOC_STRINGS = YES;
				SWIFT_VERSION = 5.0;
				TARGETED_DEVICE_FAMILY = "1,2";
			};
			name = Release;
		};
/* End XCBuildConfiguration section */

/* Begin XCConfigurationList section */
		D8C336B02921E8460008527A /* Build configuration list for PBXProject "NoteApp" */ = {
			isa = XCConfigurationList;
			buildConfigurations = (
				D8C336CA2921E8470008527A /* Debug */,
				D8C336CB2921E8470008527A /* Release */,
			);
			defaultConfigurationIsVisible = 0;
			defaultConfigurationName = Release;
		};
		D8C336CC2921E8470008527A /* Build configuration list for PBXNativeTarget "NoteApp" */ = {
			isa = XCConfigurationList;
			buildConfigurations = (
				D8C336CD2921E8470008527A /* Debug */,
				D8C336CE2921E8470008527A /* Release */,
			);
			defaultConfigurationIsVisible = 0;
			defaultConfigurationName = Release;
		};
/* End XCConfigurationList section */

/* Begin XCVersionGroup section */
		D8C336C12921E8460008527A /* NoteApp.xcdatamodeld */ = {
			isa = XCVersionGroup;
			children = (
				D8C336C22921E8460008527A /* NoteApp.xcdatamodel */,
			);
			currentVersion = D8C336C22921E8460008527A /* NoteApp.xcdatamodel */;
			path = NoteApp.xcdatamodeld;
			sourceTree = "<group>";
			versionGroupType = wrapper.xcdatamodel;
		};
/* End XCVersionGroup section */
	};
	rootObject = D8C336AD2921E8460008527A /* Project object */;
}
